Microsoft Visual Studio Solution File, Format Version 12.00
# Visual Studio 2012
Project("{FAE04EC0-301F-11D3-BF4B-00C04F79EFBC}") = "TraumaForms", "TraumaForms.csproj", "{2BF366EA-0E96-4112-B699-97491734B591}"
EndProject
Global
	GlobalSection(SolutionConfigurationPlatforms) = preSolution
	Debug|Any CPU = Debug|Any CPU
	ExportDebug|Any CPU = ExportDebug|Any CPU
	ExportRelease|Any CPU = ExportRelease|Any CPU
	EndGlobalSection
	GlobalSection(ProjectConfigurationPlatforms) = postSolution
		{2BF366EA-0E96-4112-B699-97491734B591}.Debug|Any CPU.ActiveCfg = Debug|Any CPU
		{2BF366EA-0E96-4112-B699-97491734B591}.Debug|Any CPU.Build.0 = Debug|Any CPU
		{2BF366EA-0E96-4112-B699-97491734B591}.ExportDebug|Any CPU.ActiveCfg = ExportDebug|Any CPU
		{2BF366EA-0E96-4112-B699-97491734B591}.ExportDebug|Any CPU.Build.0 = ExportDebug|Any CPU
		{2BF366EA-0E96-4112-B699-97491734B591}.ExportRelease|Any CPU.ActiveCfg = ExportRelease|Any CPU
		{2BF366EA-0E96-4112-B699-97491734B591}.ExportRelease|Any CPU.Build.0 = ExportRelease|Any CPU
	EndGlobalSection
EndGlobal
